
Microsoft Visual Studio Solution File, Format Version 12.00
# Visual Studio Version 17
VisualStudioVersion = 17.7.34031.279
MinimumVisualStudioVersion = 10.0.40219.1
Project("{FAE04EC0-301F-11D3-BF4B-00C04F79EFBC}") = "ConsoleApp1", "ConsoleApp1.csproj", "{69528035-CC6B-4A08-9740-24EA6860AA6A}"
EndProject
Global
	GlobalSection(SolutionConfigurationPlatforms) = preSolution
		Debug|Any CPU = Debug|Any CPU
		Release|Any CPU = Release|Any CPU
	EndGlobalSection
	GlobalSection(ProjectConfigurationPlatforms) = postSolution
		{69528035-CC6B-4A08-9740-24EA6860AA6A}.Debug|Any CPU.ActiveCfg = Debug|Any CPU
		{69528035-CC6B-4A08-9740-24EA6860AA6A}.Debug|Any CPU.Build.0 = Debug|Any CPU
		{69528035-CC6B-4A08-9740-24EA6860AA6A}.Release|Any CPU.ActiveCfg = Release|Any CPU
		{69528035-CC6B-4A08-9740-24EA6860AA6A}.Release|Any CPU.Build.0 = Release|Any CPU
	EndGlobalSection
	GlobalSection(SolutionProperties) = preSolution
		HideSolutionNode = FALSE
	EndGlobalSection
	GlobalSection(ExtensibilityGlobals) = postSolution
		SolutionGuid = {1B63603F-7980-49E3-8A42-BE589DDC71AC}
	EndGlobalSection
EndGlobal
